{
  "nodes": {
    "nixpkgs": {
      "locked": {
        "lastModified": 1704842529,
        "narHash": "sha256-OTeQA+F8d/Evad33JMfuXC89VMetQbsU4qcaePchGr4=",
        "path": "/nix/store/g16z4fs1mrbkxc4x6wm8xbrh13nc7aw4-source",
        "rev": "eabe8d3eface69f5bb16c18f8662a702f50c20d5",
        "revCount": 568310,
        "type": "path"
      },
      "original": {
        "id": "nixpkgs",
        "type": "indirect"
      }
    },
    "root": {
      "inputs": {
        "nixpkgs": "nixpkgs"
      }
    }
  },
  "root": "root",
  "version": 7
}
